
Microsoft Visual Studio Solution File, Format Version 12.00
# Visual Studio Version 17
VisualStudioVersion = 17.4.33213.308
MinimumVisualStudioVersion = 10.0.40219.1
Project("{FAE04EC0-301F-11D3-BF4B-00C04F79EFBC}") = "StarTray Battery", "StarTray Battery\StarTray Battery.csproj", "{F990E87A-95B3-4146-B91E-44AD1C798EB5}"
EndProject
Global
	GlobalSection(SolutionConfigurationPlatforms) = preSolution
		Debug|Any CPU = Debug|Any CPU
		Release|Any CPU = Release|Any CPU
	EndGlobalSection
	GlobalSection(ProjectConfigurationPlatforms) = postSolution
		{F990E87A-95B3-4146-B91E-44AD1C798EB5}.Debug|Any CPU.ActiveCfg = Debug|Any CPU
		{F990E87A-95B3-4146-B91E-44AD1C798EB5}.Debug|Any CPU.Build.0 = Debug|Any CPU
		{F990E87A-95B3-4146-B91E-44AD1C798EB5}.Release|Any CPU.ActiveCfg = Release|Any CPU
		{F990E87A-95B3-4146-B91E-44AD1C798EB5}.Release|Any CPU.Build.0 = Release|Any CPU
	EndGlobalSection
	GlobalSection(SolutionProperties) = preSolution
		HideSolutionNode = FALSE
	EndGlobalSection
	GlobalSection(ExtensibilityGlobals) = postSolution
		SolutionGuid = {5FA56E47-55FC-41AF-99AB-824D30B896C3}
	EndGlobalSection
EndGlobal
